
Microsoft Visual Studio Solution File, Format Version 12.00
# Visual Studio Version 17
VisualStudioVersion = 17.7.34018.315
MinimumVisualStudioVersion = 10.0.40219.1
Project("{8BC9CEB8-8B4A-11D0-8D11-00A0C91BC942}") = "PortaudioMic", "PortaudioMic\PortaudioMic.vcxproj", "{53A17696-7321-46BD-865D-088204E2DDB8}"
EndProject
Project("{8BC9CEB8-8B4A-11D0-8D11-00A0C91BC942}") = "1_TrainANN", "1_TrainANN\1_TrainANN.vcxproj", "{FD9329FC-D299-4510-A194-57C9960F09D4}"
EndProject
Project("{8BC9CEB8-8B4A-11D0-8D11-00A0C91BC942}") = "2_TestANN", "2_TestANN\2_TestANN.vcxproj", "{C87FFE7A-D4A1-4EA5-BB1E-F904FC4B46B6}"
EndProject
Project("{8BC9CEB8-8B4A-11D0-8D11-00A0C91BC942}") = "3_UseANN", "3_UseANN\3_UseANN.vcxproj", "{A18E2052-D3AD-4E5B-A5ED-65A0FC164D5F}"
EndProject
Global
	GlobalSection(SolutionConfigurationPlatforms) = preSolution
		Debug|x64 = Debug|x64
		Release|x64 = Release|x64
	EndGlobalSection
	GlobalSection(ProjectConfigurationPlatforms) = postSolution
		{53A17696-7321-46BD-865D-088204E2DDB8}.Debug|x64.ActiveCfg = Debug|x64
		{53A17696-7321-46BD-865D-088204E2DDB8}.Debug|x64.Build.0 = Debug|x64
		{53A17696-7321-46BD-865D-088204E2DDB8}.Release|x64.ActiveCfg = Release|x64
		{53A17696-7321-46BD-865D-088204E2DDB8}.Release|x64.Build.0 = Release|x64
		{FD9329FC-D299-4510-A194-57C9960F09D4}.Debug|x64.ActiveCfg = Debug|x64
		{FD9329FC-D299-4510-A194-57C9960F09D4}.Debug|x64.Build.0 = Debug|x64
		{FD9329FC-D299-4510-A194-57C9960F09D4}.Release|x64.ActiveCfg = Release|x64
		{FD9329FC-D299-4510-A194-57C9960F09D4}.Release|x64.Build.0 = Release|x64
		{C87FFE7A-D4A1-4EA5-BB1E-F904FC4B46B6}.Debug|x64.ActiveCfg = Debug|x64
		{C87FFE7A-D4A1-4EA5-BB1E-F904FC4B46B6}.Debug|x64.Build.0 = Debug|x64
		{C87FFE7A-D4A1-4EA5-BB1E-F904FC4B46B6}.Release|x64.ActiveCfg = Release|x64
		{C87FFE7A-D4A1-4EA5-BB1E-F904FC4B46B6}.Release|x64.Build.0 = Release|x64
		{A18E2052-D3AD-4E5B-A5ED-65A0FC164D5F}.Debug|x64.ActiveCfg = Debug|x64
		{A18E2052-D3AD-4E5B-A5ED-65A0FC164D5F}.Debug|x64.Build.0 = Debug|x64
		{A18E2052-D3AD-4E5B-A5ED-65A0FC164D5F}.Release|x64.ActiveCfg = Release|x64
		{A18E2052-D3AD-4E5B-A5ED-65A0FC164D5F}.Release|x64.Build.0 = Release|x64
	EndGlobalSection
	GlobalSection(SolutionProperties) = preSolution
		HideSolutionNode = FALSE
	EndGlobalSection
	GlobalSection(ExtensibilityGlobals) = postSolution
		SolutionGuid = {F8D4EA45-FD6D-4352-95E7-3BF3151B38B2}
	EndGlobalSection
EndGlobal
